
Microsoft Visual Studio Solution File, Format Version 12.00
# Visual Studio Version 17
VisualStudioVersion = 17.14.36301.6
MinimumVisualStudioVersion = 10.0.40219.1
Project("{FAE04EC0-301F-11D3-BF4B-00C04F79EFBC}") = "ConsoleApp1", "ConsoleApp1\ConsoleApp1.csproj", "{2B9BEE10-4EEC-4E4F-BBC3-795DCCBC94FA}"
EndProject
Project("{FAE04EC0-301F-11D3-BF4B-00C04F79EFBC}") = "Lab2", "Lab2\Lab2.csproj", "{ACE0A88A-70B0-4BAF-B969-8810105E9293}"
EndProject
Project("{FAE04EC0-301F-11D3-BF4B-00C04F79EFBC}") = "Lab3", "Lab3\Lab3.csproj", "{0C6FAE7C-92B0-4449-BBED-C1D70712292A}"
EndProject
Project("{FAE04EC0-301F-11D3-BF4B-00C04F79EFBC}") = "Lab4", "Lab4\Lab4.csproj", "{A839F5A8-F181-4072-A551-08BF0F292047}"
EndProject
Global
	GlobalSection(SolutionConfigurationPlatforms) = preSolution
		Debug|Any CPU = Debug|Any CPU
		Release|Any CPU = Release|Any CPU
	EndGlobalSection
	GlobalSection(ProjectConfigurationPlatforms) = postSolution
		{2B9BEE10-4EEC-4E4F-BBC3-795DCCBC94FA}.Debug|Any CPU.ActiveCfg = Debug|Any CPU
		{2B9BEE10-4EEC-4E4F-BBC3-795DCCBC94FA}.Debug|Any CPU.Build.0 = Debug|Any CPU
		{2B9BEE10-4EEC-4E4F-BBC3-795DCCBC94FA}.Release|Any CPU.ActiveCfg = Release|Any CPU
		{2B9BEE10-4EEC-4E4F-BBC3-795DCCBC94FA}.Release|Any CPU.Build.0 = Release|Any CPU
		{ACE0A88A-70B0-4BAF-B969-8810105E9293}.Debug|Any CPU.ActiveCfg = Debug|Any CPU
		{ACE0A88A-70B0-4BAF-B969-8810105E9293}.Debug|Any CPU.Build.0 = Debug|Any CPU
		{ACE0A88A-70B0-4BAF-B969-8810105E9293}.Release|Any CPU.ActiveCfg = Release|Any CPU
		{ACE0A88A-70B0-4BAF-B969-8810105E9293}.Release|Any CPU.Build.0 = Release|Any CPU
		{0C6FAE7C-92B0-4449-BBED-C1D70712292A}.Debug|Any CPU.ActiveCfg = Debug|Any CPU
		{0C6FAE7C-92B0-4449-BBED-C1D70712292A}.Debug|Any CPU.Build.0 = Debug|Any CPU
		{0C6FAE7C-92B0-4449-BBED-C1D70712292A}.Release|Any CPU.ActiveCfg = Release|Any CPU
		{0C6FAE7C-92B0-4449-BBED-C1D70712292A}.Release|Any CPU.Build.0 = Release|Any CPU
		{A839F5A8-F181-4072-A551-08BF0F292047}.Debug|Any CPU.ActiveCfg = Debug|Any CPU
		{A839F5A8-F181-4072-A551-08BF0F292047}.Debug|Any CPU.Build.0 = Debug|Any CPU
		{A839F5A8-F181-4072-A551-08BF0F292047}.Release|Any CPU.ActiveCfg = Release|Any CPU
		{A839F5A8-F181-4072-A551-08BF0F292047}.Release|Any CPU.Build.0 = Release|Any CPU
	EndGlobalSection
	GlobalSection(SolutionProperties) = preSolution
		HideSolutionNode = FALSE
	EndGlobalSection
	GlobalSection(ExtensibilityGlobals) = postSolution
		SolutionGuid = {84377781-885B-475B-9F15-215E4D43E45F}
	EndGlobalSection
EndGlobal
